// !$*UTF8*$!
{
	archiveVersion = 1;
	classes = {
	};
	objectVersion = 50;
	objects = {

/* Begin PBXBuildFile section */
		CF06CCF4216CA44C009C22CB /* AppDelegate.m in Sources */ = {isa = PBXBuildFile; fileRef = CF06CCF3216CA44C009C22CB /* AppDelegate.m */; };
		CF06CCF7216CA44C009C22CB /* ViewController.m in Sources */ = {isa = PBXBuildFile; fileRef = CF06CCF6216CA44C009C22CB /* ViewController.m */; };
		CF06CCFA216CA44C009C22CB /* Main.storyboard in Resources */ = {isa = PBXBuildFile; fileRef = CF06CCF8216CA44C009C22CB /* Main.storyboard */; };
		CF06CCFC216CA44E009C22CB /* Assets.xcassets in Resources */ = {isa = PBXBuildFile; fileRef = CF06CCFB216CA44E009C22CB /* Assets.xcassets */; };
		CF06CCFF216CA44E009C22CB /* LaunchScreen.storyboard in Resources */ = {isa = PBXBuildFile; fileRef = CF06CCFD216CA44E009C22CB /* LaunchScreen.storyboard */; };
		CF06CD02216CA44E009C22CB /* main.m in Sources */ = {isa = PBXBuildFile; fileRef = CF06CD01216CA44E009C22CB /* main.m */; };
		CF06CD0C216CA44E009C22CB /* OrderSoupOCTests.m in Sources */ = {isa = PBXBuildFile; fileRef = CF06CD0B216CA44E009C22CB /* OrderSoupOCTests.m */; };
		CF06CD22216CA612009C22CB /* OSListTableViewController.m in Sources */ = {isa = PBXBuildFile; fileRef = CF06CD21216CA612009C22CB /* OSListTableViewController.m */; };
		CF06CD25216CA813009C22CB /* OSAddOneViewController.m in Sources */ = {isa = PBXBuildFile; fileRef = CF06CD24216CA813009C22CB /* OSAddOneViewController.m */; };
		CF06CD37216DAAD9009C22CB /* OrderSoupKit.framework in Frameworks */ = {isa = PBXBuildFile; fileRef = CF06CD2E216DAAD7009C22CB /* OrderSoupKit.framework */; };
		CF06CD3E216DAAD9009C22CB /* OrderSoupKitTests.m in Sources */ = {isa = PBXBuildFile; fileRef = CF06CD3D216DAAD9009C22CB /* OrderSoupKitTests.m */; };
		CF06CD40216DAAD9009C22CB /* OrderSoupKit.h in Headers */ = {isa = PBXBuildFile; fileRef = CF06CD30216DAAD8009C22CB /* OrderSoupKit.h */; settings = {ATTRIBUTES = (Public, ); }; };
		CF06CD43216DAAD9009C22CB /* OrderSoupKit.framework in Frameworks */ = {isa = PBXBuildFile; fileRef = CF06CD2E216DAAD7009C22CB /* OrderSoupKit.framework */; };
		CF06CD44216DAAD9009C22CB /* OrderSoupKit.framework in Embed Frameworks */ = {isa = PBXBuildFile; fileRef = CF06CD2E216DAAD7009C22CB /* OrderSoupKit.framework */; settings = {ATTRIBUTES = (CodeSignOnCopy, RemoveHeadersOnCopy, ); }; };
		CF06CD58216DFB4F009C22CB /* OrderSoupIntentHandler.m in Sources */ = {isa = PBXBuildFile; fileRef = CF06CD56216DFA49009C22CB /* OrderSoupIntentHandler.m */; };
		CF06CD60216E00B8009C22CB /* Intents.intentdefinition in Sources */ = {isa = PBXBuildFile; fileRef = CF06CD50216DF446009C22CB /* Intents.intentdefinition */; settings = {ATTRIBUTES = (no_codegen, ); }; };
		CF06CD61216E017F009C22CB /* Intents.intentdefinition in Sources */ = {isa = PBXBuildFile; fileRef = CF06CD50216DF446009C22CB /* Intents.intentdefinition */; };
		CF06CD65216E0429009C22CB /* OSShareAssets.xcassets in Resources */ = {isa = PBXBuildFile; fileRef = CF06CD62216E02DC009C22CB /* OSShareAssets.xcassets */; };
		CF06CD7B216EEABB009C22CB /* OrderSoupIntentHandler.h in Headers */ = {isa = PBXBuildFile; fileRef = CF06CD55216DFA49009C22CB /* OrderSoupIntentHandler.h */; settings = {ATTRIBUTES = (Public, ); }; };
		CF06CD85216F3E02009C22CB /* OSOrder.m in Sources */ = {isa = PBXBuildFile; fileRef = CF06CD80216F26FB009C22CB /* OSOrder.m */; };
		CF06CD86216F3E02009C22CB /* OSSoup.m in Sources */ = {isa = PBXBuildFile; fileRef = CF06CD83216F2A99009C22CB /* OSSoup.m */; };
		CF06CD87216F3E1B009C22CB /* OSOrder.h in Headers */ = {isa = PBXBuildFile; fileRef = CF06CD7F216F26FB009C22CB /* OSOrder.h */; settings = {ATTRIBUTES = (Public, ); }; };
		CF06CD88216F3E1B009C22CB /* OSSoup.h in Headers */ = {isa = PBXBuildFile; fileRef = CF06CD82216F2A99009C22CB /* OSSoup.h */; settings = {ATTRIBUTES = (Public, ); }; };
		CF06CD89216F3EF8009C22CB /* OrderSoupIntentManager.m in Sources */ = {isa = PBXBuildFile; fileRef = CF06CD7D216EFEFD009C22CB /* OrderSoupIntentManager.m */; };
		CF06CD8A216F3F2F009C22CB /* OrderSoupIntentManager.h in Headers */ = {isa = PBXBuildFile; fileRef = CF06CD7C216EFEFD009C22CB /* OrderSoupIntentManager.h */; settings = {ATTRIBUTES = (Public, ); }; };
		CF06CD93217047DF009C22CB /* IntentHandler.m in Sources */ = {isa = PBXBuildFile; fileRef = CF06CD92217047DF009C22CB /* IntentHandler.m */; };
		CF06CD9C217047E0009C22CB /* IntentsUI.framework in Frameworks */ = {isa = PBXBuildFile; fileRef = CF06CD9B217047E0009C22CB /* IntentsUI.framework */; };
		CF06CDA0217047E0009C22CB /* IntentViewController.m in Sources */ = {isa = PBXBuildFile; fileRef = CF06CD9F217047E0009C22CB /* IntentViewController.m */; };
		CF06CDA3217047E0009C22CB /* MainInterface.storyboard in Resources */ = {isa = PBXBuildFile; fileRef = CF06CDA1217047E0009C22CB /* MainInterface.storyboard */; };
		CF06CDA7217047E0009C22CB /* OrderSoupExtensionUI.appex in Embed App Extensions */ = {isa = PBXBuildFile; fileRef = CF06CD99217047E0009C22CB /* OrderSoupExtensionUI.appex */; settings = {ATTRIBUTES = (RemoveHeadersOnCopy, ); }; };
		CF06CDAA217047E0009C22CB /* OrderSoupExtension.appex in Embed App Extensions */ = {isa = PBXBuildFile; fileRef = CF06CD8F217047DE009C22CB /* OrderSoupExtension.appex */; settings = {ATTRIBUTES = (RemoveHeadersOnCopy, ); }; };
		CF06CDB5217053D6009C22CB /* OSOrder+intent.m in Sources */ = {isa = PBXBuildFile; fileRef = CF06CDB32170516C009C22CB /* OSOrder+intent.m */; };
		CF06CDB6217076FC009C22CB /* OSOrder+intent.h in Headers */ = {isa = PBXBuildFile; fileRef = CF06CDB22170516C009C22CB /* OSOrder+intent.h */; settings = {ATTRIBUTES = (Public, ); }; };
		CF06CDB9217079A2009C22CB /* OSDetailViewController.m in Sources */ = {isa = PBXBuildFile; fileRef = CF06CDB8217079A2009C22CB /* OSDetailViewController.m */; };
		CF06CDBA21707CDC009C22CB /* Intents.intentdefinition in Sources */ = {isa = PBXBuildFile; fileRef = CF06CD50216DF446009C22CB /* Intents.intentdefinition */; settings = {ATTRIBUTES = (no_codegen, ); }; };
		CF06CDBB21707CE6009C22CB /* Intents.intentdefinition in Sources */ = {isa = PBXBuildFile; fileRef = CF06CD50216DF446009C22CB /* Intents.intentdefinition */; settings = {ATTRIBUTES = (no_codegen, ); }; };
		CF06CDC121708166009C22CB /* OSSiriAuthorizationManager.m in Sources */ = {isa = PBXBuildFile; fileRef = CF06CDC021708165009C22CB /* OSSiriAuthorizationManager.m */; };
		CF06CDC421708555009C22CB /* OrderSoupKit.framework in Frameworks */ = {isa = PBXBuildFile; fileRef = CF06CD2E216DAAD7009C22CB /* OrderSoupKit.framework */; };
/* End PBXBuildFile section */

/* Begin PBXContainerItemProxy section */
		CF06CD08216CA44E009C22CB /* PBXContainerItemProxy */ = {
			isa = PBXContainerItemProxy;
			containerPortal = CF06CCE7216CA44B009C22CB /* Project object */;
			proxyType = 1;
			remoteGlobalIDString = CF06CCEE216CA44B009C22CB;
			remoteInfo = OrderSoupOC;
		};
		CF06CD38216DAAD9009C22CB /* PBXContainerItemProxy */ = {
			isa = PBXContainerItemProxy;
			containerPortal = CF06CCE7216CA44B009C22CB /* Project object */;
			proxyType = 1;
			remoteGlobalIDString = CF06CD2D216DAAD7009C22CB;
			remoteInfo = OrderSoupKit;
		};
		CF06CD3A216DAAD9009C22CB /* PBXContainerItemProxy */ = {
			isa = PBXContainerItemProxy;
			containerPortal = CF06CCE7216CA44B009C22CB /* Project object */;
			proxyType = 1;
			remoteGlobalIDString = CF06CCEE216CA44B009C22CB;
			remoteInfo = OrderSoupOC;
		};
		CF06CD41216DAAD9009C22CB /* PBXContainerItemProxy */ = {
			isa = PBXContainerItemProxy;
			containerPortal = CF06CCE7216CA44B009C22CB /* Project object */;
			proxyType = 1;
			remoteGlobalIDString = CF06CD2D216DAAD7009C22CB;
			remoteInfo = OrderSoupKit;
		};
		CF06CDA5217047E0009C22CB /* PBXContainerItemProxy */ = {
			isa = PBXContainerItemProxy;
			containerPortal = CF06CCE7216CA44B009C22CB /* Project object */;
			proxyType = 1;
			remoteGlobalIDString = CF06CD98217047E0009C22CB;
			remoteInfo = OrderSoupExtensionUI;
		};
		CF06CDA8217047E0009C22CB /* PBXContainerItemProxy */ = {
			isa = PBXContainerItemProxy;
			containerPortal = CF06CCE7216CA44B009C22CB /* Project object */;
			proxyType = 1;
			remoteGlobalIDString = CF06CD8E217047DE009C22CB;
			remoteInfo = OrderSoupExtension;
		};
/* End PBXContainerItemProxy section */

/* Begin PBXCopyFilesBuildPhase section */
		CF06CD48216DAAD9009C22CB /* Embed Frameworks */ = {
			isa = PBXCopyFilesBuildPhase;
			buildActionMask = 2147483647;
			dstPath = "";
			dstSubfolderSpec = 10;
			files = (
				CF06CD44216DAAD9009C22CB /* OrderSoupKit.framework in Embed Frameworks */,
			);
			name = "Embed Frameworks";
			runOnlyForDeploymentPostprocessing = 0;
		};
		CF06CDB1217047E0009C22CB /* Embed App Extensions */ = {
			isa = PBXCopyFilesBuildPhase;
			buildActionMask = 2147483647;
			dstPath = "";
			dstSubfolderSpec = 13;
			files = (
				CF06CDAA217047E0009C22CB /* OrderSoupExtension.appex in Embed App Extensions */,
				CF06CDA7217047E0009C22CB /* OrderSoupExtensionUI.appex in Embed App Extensions */,
			);
			name = "Embed App Extensions";
			runOnlyForDeploymentPostprocessing = 0;
		};
/* End PBXCopyFilesBuildPhase section */

/* Begin PBXFileReference section */
		CF06CCEF216CA44B009C22CB /* OrderSoupOC.app */ = {isa = PBXFileReference; explicitFileType = wrapper.application; includeInIndex = 0; path = OrderSoupOC.app; sourceTree = BUILT_PRODUCTS_DIR; };
		CF06CCF2216CA44C009C22CB /* AppDelegate.h */ = {isa = PBXFileReference; lastKnownFileType = sourcecode.c.h; path = AppDelegate.h; sourceTree = "<group>"; };
		CF06CCF3216CA44C009C22CB /* AppDelegate.m */ = {isa = PBXFileReference; lastKnownFileType = sourcecode.c.objc; path = AppDelegate.m; sourceTree = "<group>"; };
		CF06CCF5216CA44C009C22CB /* ViewController.h */ = {isa = PBXFileReference; lastKnownFileType = sourcecode.c.h; path = ViewController.h; sourceTree = "<group>"; };
		CF06CCF6216CA44C009C22CB /* ViewController.m */ = {isa = PBXFileReference; lastKnownFileType = sourcecode.c.objc; path = ViewController.m; sourceTree = "<group>"; };
		CF06CCF9216CA44C009C22CB /* Base */ = {isa = PBXFileReference; lastKnownFileType = file.storyboard; name = Base; path = Base.lproj/Main.storyboard; sourceTree = "<group>"; };
		CF06CCFB216CA44E009C22CB /* Assets.xcassets */ = {isa = PBXFileReference; lastKnownFileType = folder.assetcatalog; path = Assets.xcassets; sourceTree = "<group>"; };
		CF06CCFE216CA44E009C22CB /* Base */ = {isa = PBXFileReference; lastKnownFileType = file.storyboard; name = Base; path = Base.lproj/LaunchScreen.storyboard; sourceTree = "<group>"; };
		CF06CD00216CA44E009C22CB /* Info.plist */ = {isa = PBXFileReference; lastKnownFileType = text.plist.xml; path = Info.plist; sourceTree = "<group>"; };
		CF06CD01216CA44E009C22CB /* main.m */ = {isa = PBXFileReference; lastKnownFileType = sourcecode.c.objc; path = main.m; sourceTree = "<group>"; };
		CF06CD07216CA44E009C22CB /* OrderSoupOCTests.xctest */ = {isa = PBXFileReference; explicitFileType = wrapper.cfbundle; includeInIndex = 0; path = OrderSoupOCTests.xctest; sourceTree = BUILT_PRODUCTS_DIR; };
		CF06CD0B216CA44E009C22CB /* OrderSoupOCTests.m */ = {isa = PBXFileReference; lastKnownFileType = sourcecode.c.objc; path = OrderSoupOCTests.m; sourceTree = "<group>"; };
		CF06CD0D216CA44E009C22CB /* Info.plist */ = {isa = PBXFileReference; lastKnownFileType = text.plist.xml; path = Info.plist; sourceTree = "<group>"; };
		CF06CD16216CA490009C22CB /* OrderSoupOC.entitlements */ = {isa = PBXFileReference; lastKnownFileType = text.plist.entitlements; path = OrderSoupOC.entitlements; sourceTree = "<group>"; };
		CF06CD20216CA612009C22CB /* OSListTableViewController.h */ = {isa = PBXFileReference; lastKnownFileType = sourcecode.c.h; path = OSListTableViewController.h; sourceTree = "<group>"; };
		CF06CD21216CA612009C22CB /* OSListTableViewController.m */ = {isa = PBXFileReference; lastKnownFileType = sourcecode.c.objc; path = OSListTableViewController.m; sourceTree = "<group>"; };
		CF06CD23216CA813009C22CB /* OSAddOneViewController.h */ = {isa = PBXFileReference; lastKnownFileType = sourcecode.c.h; path = OSAddOneViewController.h; sourceTree = "<group>"; };
		CF06CD24216CA813009C22CB /* OSAddOneViewController.m */ = {isa = PBXFileReference; lastKnownFileType = sourcecode.c.objc; path = OSAddOneViewController.m; sourceTree = "<group>"; };
		CF06CD2E216DAAD7009C22CB /* OrderSoupKit.framework */ = {isa = PBXFileReference; explicitFileType = wrapper.framework; includeInIndex = 0; path = OrderSoupKit.framework; sourceTree = BUILT_PRODUCTS_DIR; };
		CF06CD30216DAAD8009C22CB /* OrderSoupKit.h */ = {isa = PBXFileReference; lastKnownFileType = sourcecode.c.h; path = OrderSoupKit.h; sourceTree = "<group>"; };
		CF06CD31216DAAD8009C22CB /* Info.plist */ = {isa = PBXFileReference; lastKnownFileType = text.plist.xml; path = Info.plist; sourceTree = "<group>"; };
		CF06CD36216DAAD8009C22CB /* OrderSoupKitTests.xctest */ = {isa = PBXFileReference; explicitFileType = wrapper.cfbundle; includeInIndex = 0; path = OrderSoupKitTests.xctest; sourceTree = BUILT_PRODUCTS_DIR; };
		CF06CD3D216DAAD9009C22CB /* OrderSoupKitTests.m */ = {isa = PBXFileReference; lastKnownFileType = sourcecode.c.objc; path = OrderSoupKitTests.m; sourceTree = "<group>"; };
		CF06CD3F216DAAD9009C22CB /* Info.plist */ = {isa = PBXFileReference; lastKnownFileType = text.plist.xml; path = Info.plist; sourceTree = "<group>"; };
		CF06CD50216DF446009C22CB /* Intents.intentdefinition */ = {isa = PBXFileReference; lastKnownFileType = file.intentdefinition; path = Intents.intentdefinition; sourceTree = "<group>"; };
		CF06CD55216DFA49009C22CB /* OrderSoupIntentHandler.h */ = {isa = PBXFileReference; lastKnownFileType = sourcecode.c.h; path = OrderSoupIntentHandler.h; sourceTree = "<group>"; };
		CF06CD56216DFA49009C22CB /* OrderSoupIntentHandler.m */ = {isa = PBXFileReference; lastKnownFileType = sourcecode.c.objc; path = OrderSoupIntentHandler.m; sourceTree = "<group>"; };
		CF06CD62216E02DC009C22CB /* OSShareAssets.xcassets */ = {isa = PBXFileReference; lastKnownFileType = folder.assetcatalog; path = OSShareAssets.xcassets; sourceTree = "<group>"; };
		CF06CD7C216EFEFD009C22CB /* OrderSoupIntentManager.h */ = {isa = PBXFileReference; lastKnownFileType = sourcecode.c.h; path = OrderSoupIntentManager.h; sourceTree = "<group>"; };
		CF06CD7D216EFEFD009C22CB /* OrderSoupIntentManager.m */ = {isa = PBXFileReference; lastKnownFileType = sourcecode.c.objc; path = OrderSoupIntentManager.m; sourceTree = "<group>"; };
		CF06CD7F216F26FB009C22CB /* OSOrder.h */ = {isa = PBXFileReference; lastKnownFileType = sourcecode.c.h; path = OSOrder.h; sourceTree = "<group>"; };
		CF06CD80216F26FB009C22CB /* OSOrder.m */ = {isa = PBXFileReference; lastKnownFileType = sourcecode.c.objc; path = OSOrder.m; sourceTree = "<group>"; };
		CF06CD82216F2A99009C22CB /* OSSoup.h */ = {isa = PBXFileReference; lastKnownFileType = sourcecode.c.h; path = OSSoup.h; sourceTree = "<group>"; };
		CF06CD83216F2A99009C22CB /* OSSoup.m */ = {isa = PBXFileReference; lastKnownFileType = sourcecode.c.objc; path = OSSoup.m; sourceTree = "<group>"; };
		CF06CD8F217047DE009C22CB /* OrderSoupExtension.appex */ = {isa = PBXFileReference; explicitFileType = "wrapper.app-extension"; includeInIndex = 0; path = OrderSoupExtension.appex; sourceTree = BUILT_PRODUCTS_DIR; };
		CF06CD91217047DF009C22CB /* IntentHandler.h */ = {isa = PBXFileReference; lastKnownFileType = sourcecode.c.h; path = IntentHandler.h; sourceTree = "<group>"; };
		CF06CD92217047DF009C22CB /* IntentHandler.m */ = {isa = PBXFileReference; lastKnownFileType = sourcecode.c.objc; path = IntentHandler.m; sourceTree = "<group>"; };
		CF06CD94217047DF009C22CB /* Info.plist */ = {isa = PBXFileReference; lastKnownFileType = text.plist.xml; path = Info.plist; sourceTree = "<group>"; };
		CF06CD99217047E0009C22CB /* OrderSoupExtensionUI.appex */ = {isa = PBXFileReference; explicitFileType = "wrapper.app-extension"; includeInIndex = 0; path = OrderSoupExtensionUI.appex; sourceTree = BUILT_PRODUCTS_DIR; };
		CF06CD9B217047E0009C22CB /* IntentsUI.framework */ = {isa = PBXFileReference; lastKnownFileType = wrapper.framework; name = IntentsUI.framework; path = System/Library/Frameworks/IntentsUI.framework; sourceTree = SDKROOT; };
		CF06CD9E217047E0009C22CB /* IntentViewController.h */ = {isa = PBXFileReference; lastKnownFileType = sourcecode.c.h; path = IntentViewController.h; sourceTree = "<group>"; };
		CF06CD9F217047E0009C22CB /* IntentViewController.m */ = {isa = PBXFileReference; lastKnownFileType = sourcecode.c.objc; path = IntentViewController.m; sourceTree = "<group>"; };
		CF06CDA2217047E0009C22CB /* Base */ = {isa = PBXFileReference; lastKnownFileType = file.storyboard; name = Base; path = Base.lproj/MainInterface.storyboard; sourceTree = "<group>"; };
		CF06CDA4217047E0009C22CB /* Info.plist */ = {isa = PBXFileReference; lastKnownFileType = text.plist.xml; path = Info.plist; sourceTree = "<group>"; };
		CF06CDB22170516C009C22CB /* OSOrder+intent.h */ = {isa = PBXFileReference; lastKnownFileType = sourcecode.c.h; path = "OSOrder+intent.h"; sourceTree = "<group>"; };
		CF06CDB32170516C009C22CB /* OSOrder+intent.m */ = {isa = PBXFileReference; lastKnownFileType = sourcecode.c.objc; path = "OSOrder+intent.m"; sourceTree = "<group>"; };
		CF06CDB7217079A2009C22CB /* OSDetailViewController.h */ = {isa = PBXFileReference; lastKnownFileType = sourcecode.c.h; path = OSDetailViewController.h; sourceTree = "<group>"; };
		CF06CDB8217079A2009C22CB /* OSDetailViewController.m */ = {isa = PBXFileReference; lastKnownFileType = sourcecode.c.objc; path = OSDetailViewController.m; sourceTree = "<group>"; };
		CF06CDBC21707D83009C22CB /* OrderSoupExtension.entitlements */ = {isa = PBXFileReference; lastKnownFileType = text.plist.entitlements; path = OrderSoupExtension.entitlements; sourceTree = "<group>"; };
		CF06CDBD21707D90009C22CB /* OrderSoupExtensionUI.entitlements */ = {isa = PBXFileReference; lastKnownFileType = text.plist.entitlements; path = OrderSoupExtensionUI.entitlements; sourceTree = "<group>"; };
		CF06CDBF21708165009C22CB /* OSSiriAuthorizationManager.h */ = {isa = PBXFileReference; fileEncoding = 4; lastKnownFileType = sourcecode.c.h; path = OSSiriAuthorizationManager.h; sourceTree = "<group>"; };
		CF06CDC021708165009C22CB /* OSSiriAuthorizationManager.m */ = {isa = PBXFileReference; fileEncoding = 4; lastKnownFileType = sourcecode.c.objc; path = OSSiriAuthorizationManager.m; sourceTree = "<group>"; };
/* End PBXFileReference section */

/* Begin PBXFrameworksBuildPhase section */
		CF06CCEC216CA44B009C22CB /* Frameworks */ = {
			isa = PBXFrameworksBuildPhase;
			buildActionMask = 2147483647;
			files = (
				CF06CD43216DAAD9009C22CB /* OrderSoupKit.framework in Frameworks */,
			);
			runOnlyForDeploymentPostprocessing = 0;
		};
		CF06CD04216CA44E009C22CB /* Frameworks */ = {
			isa = PBXFrameworksBuildPhase;
			buildActionMask = 2147483647;
			files = (
			);
			runOnlyForDeploymentPostprocessing = 0;
		};
		CF06CD2B216DAAD7009C22CB /* Frameworks */ = {
			isa = PBXFrameworksBuildPhase;
			buildActionMask = 2147483647;
			files = (
			);
			runOnlyForDeploymentPostprocessing = 0;
		};
		CF06CD33216DAAD8009C22CB /* Frameworks */ = {
			isa = PBXFrameworksBuildPhase;
			buildActionMask = 2147483647;
			files = (
				CF06CD37216DAAD9009C22CB /* OrderSoupKit.framework in Frameworks */,
			);
			runOnlyForDeploymentPostprocessing = 0;
		};
		CF06CD8C217047DE009C22CB /* Frameworks */ = {
			isa = PBXFrameworksBuildPhase;
			buildActionMask = 2147483647;
			files = (
				CF06CDC421708555009C22CB /* OrderSoupKit.framework in Frameworks */,
			);
			runOnlyForDeploymentPostprocessing = 0;
		};
		CF06CD96217047E0009C22CB /* Frameworks */ = {
			isa = PBXFrameworksBuildPhase;
			buildActionMask = 2147483647;
			files = (
				CF06CD9C217047E0009C22CB /* IntentsUI.framework in Frameworks */,
			);
			runOnlyForDeploymentPostprocessing = 0;
		};
/* End PBXFrameworksBuildPhase section */

/* Begin PBXGroup section */
		CF06CCE6216CA44B009C22CB = {
			isa = PBXGroup;
			children = (
				CF06CCF1216CA44B009C22CB /* OrderSoupOC */,
				CF06CD0A216CA44E009C22CB /* OrderSoupOCTests */,
				CF06CD2F216DAAD8009C22CB /* OrderSoupKit */,
				CF06CD3C216DAAD9009C22CB /* OrderSoupKitTests */,
				CF06CD90217047DF009C22CB /* OrderSoupExtension */,
				CF06CD9D217047E0009C22CB /* OrderSoupExtensionUI */,
				CF06CD9A217047E0009C22CB /* Frameworks */,
				CF06CCF0216CA44B009C22CB /* Products */,
			);
			sourceTree = "<group>";
		};
		CF06CCF0216CA44B009C22CB /* Products */ = {
			isa = PBXGroup;
			children = (
				CF06CCEF216CA44B009C22CB /* OrderSoupOC.app */,
				CF06CD07216CA44E009C22CB /* OrderSoupOCTests.xctest */,
				CF06CD2E216DAAD7009C22CB /* OrderSoupKit.framework */,
				CF06CD36216DAAD8009C22CB /* OrderSoupKitTests.xctest */,
				CF06CD8F217047DE009C22CB /* OrderSoupExtension.appex */,
				CF06CD99217047E0009C22CB /* OrderSoupExtensionUI.appex */,
			);
			name = Products;
			sourceTree = "<group>";
		};
		CF06CCF1216CA44B009C22CB /* OrderSoupOC */ = {
			isa = PBXGroup;
			children = (
				CF06CD16216CA490009C22CB /* OrderSoupOC.entitlements */,
				CF06CCF2216CA44C009C22CB /* AppDelegate.h */,
				CF06CCF3216CA44C009C22CB /* AppDelegate.m */,
				CF06CCF5216CA44C009C22CB /* ViewController.h */,
				CF06CCF6216CA44C009C22CB /* ViewController.m */,
				CF06CCF8216CA44C009C22CB /* Main.storyboard */,
				CF06CD1A216CA5B9009C22CB /* OrderSoup */,
				CF06CD17216CA5B9009C22CB /* Share */,
				CF06CCFB216CA44E009C22CB /* Assets.xcassets */,
				CF06CCFD216CA44E009C22CB /* LaunchScreen.storyboard */,
				CF06CD00216CA44E009C22CB /* Info.plist */,
				CF06CD01216CA44E009C22CB /* main.m */,
			);
			path = OrderSoupOC;
			sourceTree = "<group>";
		};
		CF06CD0A216CA44E009C22CB /* OrderSoupOCTests */ = {
			isa = PBXGroup;
			children = (
				CF06CD0B216CA44E009C22CB /* OrderSoupOCTests.m */,
				CF06CD0D216CA44E009C22CB /* Info.plist */,
			);
			path = OrderSoupOCTests;
			sourceTree = "<group>";
		};
		CF06CD17216CA5B9009C22CB /* Share */ = {
			isa = PBXGroup;
			children = (
				CF06CD18216CA5B9009C22CB /* Manager */,
				CF06CD19216CA5B9009C22CB /* Data */,
				CF06CD50216DF446009C22CB /* Intents.intentdefinition */,
				CF06CD62216E02DC009C22CB /* OSShareAssets.xcassets */,
			);
			path = Share;
			sourceTree = "<group>";
		};
		CF06CD18216CA5B9009C22CB /* Manager */ = {
			isa = PBXGroup;
			children = (
				CF06CD55216DFA49009C22CB /* OrderSoupIntentHandler.h */,
				CF06CD56216DFA49009C22CB /* OrderSoupIntentHandler.m */,
				CF06CD7C216EFEFD009C22CB /* OrderSoupIntentManager.h */,
				CF06CD7D216EFEFD009C22CB /* OrderSoupIntentManager.m */,
			);
			path = Manager;
			sourceTree = "<group>";
		};
		CF06CD19216CA5B9009C22CB /* Data */ = {
			isa = PBXGroup;
			children = (
				CF06CD7F216F26FB009C22CB /* OSOrder.h */,
				CF06CD80216F26FB009C22CB /* OSOrder.m */,
				CF06CDB22170516C009C22CB /* OSOrder+intent.h */,
				CF06CDB32170516C009C22CB /* OSOrder+intent.m */,
				CF06CD82216F2A99009C22CB /* OSSoup.h */,
				CF06CD83216F2A99009C22CB /* OSSoup.m */,
			);
			path = Data;
			sourceTree = "<group>";
		};
		CF06CD1A216CA5B9009C22CB /* OrderSoup */ = {
			isa = PBXGroup;
			children = (
				CF06CDBE21708165009C22CB /* Manager */,
				CF06CD1B216CA5B9009C22CB /* VC */,
				CF06CD1C216CA5B9009C22CB /* View */,
			);
			path = OrderSoup;
			sourceTree = "<group>";
		};
		CF06CD1B216CA5B9009C22CB /* VC */ = {
			isa = PBXGroup;
			children = (
				CF06CD20216CA612009C22CB /* OSListTableViewController.h */,
				CF06CD21216CA612009C22CB /* OSListTableViewController.m */,
				CF06CD23216CA813009C22CB /* OSAddOneViewController.h */,
				CF06CD24216CA813009C22CB /* OSAddOneViewController.m */,
				CF06CDB7217079A2009C22CB /* OSDetailViewController.h */,
				CF06CDB8217079A2009C22CB /* OSDetailViewController.m */,
			);
			path = VC;
			sourceTree = "<group>";
		};
		CF06CD1C216CA5B9009C22CB /* View */ = {
			isa = PBXGroup;
			children = (
			);
			path = View;
			sourceTree = "<group>";
		};
		CF06CD2F216DAAD8009C22CB /* OrderSoupKit */ = {
			isa = PBXGroup;
			children = (
				CF06CD30216DAAD8009C22CB /* OrderSoupKit.h */,
				CF06CD31216DAAD8009C22CB /* Info.plist */,
			);
			path = OrderSoupKit;
			sourceTree = "<group>";
		};
		CF06CD3C216DAAD9009C22CB /* OrderSoupKitTests */ = {
			isa = PBXGroup;
			children = (
				CF06CD3D216DAAD9009C22CB /* OrderSoupKitTests.m */,
				CF06CD3F216DAAD9009C22CB /* Info.plist */,
			);
			path = OrderSoupKitTests;
			sourceTree = "<group>";
		};
		CF06CD90217047DF009C22CB /* OrderSoupExtension */ = {
			isa = PBXGroup;
			children = (
				CF06CDBC21707D83009C22CB /* OrderSoupExtension.entitlements */,
				CF06CD91217047DF009C22CB /* IntentHandler.h */,
				CF06CD92217047DF009C22CB /* IntentHandler.m */,
				CF06CD94217047DF009C22CB /* Info.plist */,
			);
			path = OrderSoupExtension;
			sourceTree = "<group>";
		};
		CF06CD9A217047E0009C22CB /* Frameworks */ = {
			isa = PBXGroup;
			children = (
				CF06CD9B217047E0009C22CB /* IntentsUI.framework */,
			);
			name = Frameworks;
			sourceTree = "<group>";
		};
		CF06CD9D217047E0009C22CB /* OrderSoupExtensionUI */ = {
			isa = PBXGroup;
			children = (
				CF06CDBD21707D90009C22CB /* OrderSoupExtensionUI.entitlements */,
				CF06CD9E217047E0009C22CB /* IntentViewController.h */,
				CF06CD9F217047E0009C22CB /* IntentViewController.m */,
				CF06CDA1217047E0009C22CB /* MainInterface.storyboard */,
				CF06CDA4217047E0009C22CB /* Info.plist */,
			);
			path = OrderSoupExtensionUI;
			sourceTree = "<group>";
		};
		CF06CDBE21708165009C22CB /* Manager */ = {
			isa = PBXGroup;
			children = (
				CF06CDBF21708165009C22CB /* OSSiriAuthorizationManager.h */,
				CF06CDC021708165009C22CB /* OSSiriAuthorizationManager.m */,
			);
			path = Manager;
			sourceTree = "<group>";
		};
/* End PBXGroup section */

/* Begin PBXHeadersBuildPhase section */
		CF06CD29216DAAD7009C22CB /* Headers */ = {
			isa = PBXHeadersBuildPhase;
			buildActionMask = 2147483647;
			files = (
				CF06CD40216DAAD9009C22CB /* OrderSoupKit.h in Headers */,
				CF06CD87216F3E1B009C22CB /* OSOrder.h in Headers */,
				CF06CDB6217076FC009C22CB /* OSOrder+intent.h in Headers */,
				CF06CD8A216F3F2F009C22CB /* OrderSoupIntentManager.h in Headers */,
				CF06CD88216F3E1B009C22CB /* OSSoup.h in Headers */,
				CF06CD7B216EEABB009C22CB /* OrderSoupIntentHandler.h in Headers */,
			);
			runOnlyForDeploymentPostprocessing = 0;
		};
/* End PBXHeadersBuildPhase section */

/* Begin PBXNativeTarget section */
		CF06CCEE216CA44B009C22CB /* OrderSoupOC */ = {
			isa = PBXNativeTarget;
			buildConfigurationList = CF06CD10216CA44E009C22CB /* Build configuration list for PBXNativeTarget "OrderSoupOC" */;
			buildPhases = (
				CF06CCEB216CA44B009C22CB /* Sources */,
				CF06CCEC216CA44B009C22CB /* Frameworks */,
				CF06CCED216CA44B009C22CB /* Resources */,
				CF06CD48216DAAD9009C22CB /* Embed Frameworks */,
				CF06CDB1217047E0009C22CB /* Embed App Extensions */,
			);
			buildRules = (
			);
			dependencies = (
				CF06CD42216DAAD9009C22CB /* PBXTargetDependency */,
				CF06CDA6217047E0009C22CB /* PBXTargetDependency */,
				CF06CDA9217047E0009C22CB /* PBXTargetDependency */,
			);
			name = OrderSoupOC;
			productName = OrderSoupOC;
			productReference = CF06CCEF216CA44B009C22CB /* OrderSoupOC.app */;
			productType = "com.apple.product-type.application";
		};
		CF06CD06216CA44E009C22CB /* OrderSoupOCTests */ = {
			isa = PBXNativeTarget;
			buildConfigurationList = CF06CD13216CA44E009C22CB /* Build configuration list for PBXNativeTarget "OrderSoupOCTests" */;
			buildPhases = (
				CF06CD03216CA44E009C22CB /* Sources */,
				CF06CD04216CA44E009C22CB /* Frameworks */,
				CF06CD05216CA44E009C22CB /* Resources */,
			);
			buildRules = (
			);
			dependencies = (
				CF06CD09216CA44E009C22CB /* PBXTargetDependency */,
			);
			name = OrderSoupOCTests;
			productName = OrderSoupOCTests;
			productReference = CF06CD07216CA44E009C22CB /* OrderSoupOCTests.xctest */;
			productType = "com.apple.product-type.bundle.unit-test";
		};
		CF06CD2D216DAAD7009C22CB /* OrderSoupKit */ = {
			isa = PBXNativeTarget;
			buildConfigurationList = CF06CD45216DAAD9009C22CB /* Build configuration list for PBXNativeTarget "OrderSoupKit" */;
			buildPhases = (
				CF06CD29216DAAD7009C22CB /* Headers */,
				CF06CD2A216DAAD7009C22CB /* Sources */,
				CF06CD2B216DAAD7009C22CB /* Frameworks */,
				CF06CD2C216DAAD7009C22CB /* Resources */,
			);
			buildRules = (
			);
			dependencies = (
			);
			name = OrderSoupKit;
			productName = OrderSoupKit;
			productReference = CF06CD2E216DAAD7009C22CB /* OrderSoupKit.framework */;
			productType = "com.apple.product-type.framework";
		};
		CF06CD35216DAAD8009C22CB /* OrderSoupKitTests */ = {
			isa = PBXNativeTarget;
			buildConfigurationList = CF06CD49216DAAD9009C22CB /* Build configuration list for PBXNativeTarget "OrderSoupKitTests" */;
			buildPhases = (
				CF06CD32216DAAD8009C22CB /* Sources */,
				CF06CD33216DAAD8009C22CB /* Frameworks */,
				CF06CD34216DAAD8009C22CB /* Resources */,
			);
			buildRules = (
			);
			dependencies = (
				CF06CD39216DAAD9009C22CB /* PBXTargetDependency */,
				CF06CD3B216DAAD9009C22CB /* PBXTargetDependency */,
			);
			name = OrderSoupKitTests;
			productName = OrderSoupKitTests;
			productReference = CF06CD36216DAAD8009C22CB /* OrderSoupKitTests.xctest */;
			productType = "com.apple.product-type.bundle.unit-test";
		};
		CF06CD8E217047DE009C22CB /* OrderSoupExtension */ = {
			isa = PBXNativeTarget;
			buildConfigurationList = CF06CDAE217047E0009C22CB /* Build configuration list for PBXNativeTarget "OrderSoupExtension" */;
			buildPhases = (
				CF06CD8B217047DE009C22CB /* Sources */,
				CF06CD8C217047DE009C22CB /* Frameworks */,
				CF06CD8D217047DE009C22CB /* Resources */,
			);
			buildRules = (
			);
			dependencies = (
			);
			name = OrderSoupExtension;
			productName = OrderSoupExtension;
			productReference = CF06CD8F217047DE009C22CB /* OrderSoupExtension.appex */;
			productType = "com.apple.product-type.app-extension";
		};
		CF06CD98217047E0009C22CB /* OrderSoupExtensionUI */ = {
			isa = PBXNativeTarget;
			buildConfigurationList = CF06CDAB217047E0009C22CB /* Build configuration list for PBXNativeTarget "OrderSoupExtensionUI" */;
			buildPhases = (
				CF06CD95217047E0009C22CB /* Sources */,
				CF06CD96217047E0009C22CB /* Frameworks */,
				CF06CD97217047E0009C22CB /* Resources */,
			);
			buildRules = (
			);
			dependencies = (
			);
			name = OrderSoupExtensionUI;
			productName = OrderSoupExtensionUI;
			productReference = CF06CD99217047E0009C22CB /* OrderSoupExtensionUI.appex */;
			productType = "com.apple.product-type.app-extension";
		};
/* End PBXNativeTarget section */

/* Begin PBXProject section */
		CF06CCE7216CA44B009C22CB /* Project object */ = {
			isa = PBXProject;
			attributes = {
				LastUpgradeCheck = 1000;
				ORGANIZATIONNAME = "Dawn Wang";
				TargetAttributes = {
					CF06CCEE216CA44B009C22CB = {
						CreatedOnToolsVersion = 10.0;
						SystemCapabilities = {
							com.apple.ApplicationGroups.iOS = {
								enabled = 1;
							};
							com.apple.Siri = {
								enabled = 1;
							};
						};
					};
					CF06CD06216CA44E009C22CB = {
						CreatedOnToolsVersion = 10.0;
						TestTargetID = CF06CCEE216CA44B009C22CB;
					};
					CF06CD2D216DAAD7009C22CB = {
						CreatedOnToolsVersion = 10.0;
					};
					CF06CD35216DAAD8009C22CB = {
						CreatedOnToolsVersion = 10.0;
						TestTargetID = CF06CCEE216CA44B009C22CB;
					};
					CF06CD8E217047DE009C22CB = {
						CreatedOnToolsVersion = 10.0;
						SystemCapabilities = {
							com.apple.ApplicationGroups.iOS = {
								enabled = 1;
							};
						};
					};
					CF06CD98217047E0009C22CB = {
						CreatedOnToolsVersion = 10.0;
						SystemCapabilities = {
							com.apple.ApplicationGroups.iOS = {
								enabled = 1;
							};
						};
					};
				};
			};
			buildConfigurationList = CF06CCEA216CA44B009C22CB /* Build configuration list for PBXProject "OrderSoupOC" */;
			compatibilityVersion = "Xcode 9.3";
			developmentRegion = en;
			hasScannedForEncodings = 0;
			knownRegions = (
				en,
				Base,
			);
			mainGroup = CF06CCE6216CA44B009C22CB;
			productRefGroup = CF06CCF0216CA44B009C22CB /* Products */;
			projectDirPath = "";
			projectRoot = "";
			targets = (
				CF06CCEE216CA44B009C22CB /* OrderSoupOC */,
				CF06CD06216CA44E009C22CB /* OrderSoupOCTests */,
				CF06CD2D216DAAD7009C22CB /* OrderSoupKit */,
				CF06CD35216DAAD8009C22CB /* OrderSoupKitTests */,
				CF06CD8E217047DE009C22CB /* OrderSoupExtension */,
				CF06CD98217047E0009C22CB /* OrderSoupExtensionUI */,
			);
		};
/* End PBXProject section */

/* Begin PBXResourcesBuildPhase section */
		CF06CCED216CA44B009C22CB /* Resources */ = {
			isa = PBXResourcesBuildPhase;
			buildActionMask = 2147483647;
			files = (
				CF06CD65216E0429009C22CB /* OSShareAssets.xcassets in Resources */,
				CF06CCFF216CA44E009C22CB /* LaunchScreen.storyboard in Resources */,
				CF06CCFC216CA44E009C22CB /* Assets.xcassets in Resources */,
				CF06CCFA216CA44C009C22CB /* Main.storyboard in Resources */,
			);
			runOnlyForDeploymentPostprocessing = 0;
		};
		CF06CD05216CA44E009C22CB /* Resources */ = {
			isa = PBXResourcesBuildPhase;
			buildActionMask = 2147483647;
			files = (
			);
			runOnlyForDeploymentPostprocessing = 0;
		};
		CF06CD2C216DAAD7009C22CB /* Resources */ = {
			isa = PBXResourcesBuildPhase;
			buildActionMask = 2147483647;
			files = (
			);
			runOnlyForDeploymentPostprocessing = 0;
		};
		CF06CD34216DAAD8009C22CB /* Resources */ = {
			isa = PBXResourcesBuildPhase;
			buildActionMask = 2147483647;
			files = (
			);
			runOnlyForDeploymentPostprocessing = 0;
		};
		CF06CD8D217047DE009C22CB /* Resources */ = {
			isa = PBXResourcesBuildPhase;
			buildActionMask = 2147483647;
			files = (
			);
			runOnlyForDeploymentPostprocessing = 0;
		};
		CF06CD97217047E0009C22CB /* Resources */ = {
			isa = PBXResourcesBuildPhase;
			buildActionMask = 2147483647;
			files = (
				CF06CDA3217047E0009C22CB /* MainInterface.storyboard in Resources */,
			);
			runOnlyForDeploymentPostprocessing = 0;
		};
/* End PBXResourcesBuildPhase section */

/* Begin PBXSourcesBuildPhase section */
		CF06CCEB216CA44B009C22CB /* Sources */ = {
			isa = PBXSourcesBuildPhase;
			buildActionMask = 2147483647;
			files = (
				CF06CD60216E00B8009C22CB /* Intents.intentdefinition in Sources */,
				CF06CCF7216CA44C009C22CB /* ViewController.m in Sources */,
				CF06CD02216CA44E009C22CB /* main.m in Sources */,
				CF06CCF4216CA44C009C22CB /* AppDelegate.m in Sources */,
				CF06CDC121708166009C22CB /* OSSiriAuthorizationManager.m in Sources */,
				CF06CD25216CA813009C22CB /* OSAddOneViewController.m in Sources */,
				CF06CD22216CA612009C22CB /* OSListTableViewController.m in Sources */,
				CF06CDB9217079A2009C22CB /* OSDetailViewController.m in Sources */,
			);
			runOnlyForDeploymentPostprocessing = 0;
		};
		CF06CD03216CA44E009C22CB /* Sources */ = {
			isa = PBXSourcesBuildPhase;
			buildActionMask = 2147483647;
			files = (
				CF06CD0C216CA44E009C22CB /* OrderSoupOCTests.m in Sources */,
			);
			runOnlyForDeploymentPostprocessing = 0;
		};
		CF06CD2A216DAAD7009C22CB /* Sources */ = {
			isa = PBXSourcesBuildPhase;
			buildActionMask = 2147483647;
			files = (
				CF06CDB5217053D6009C22CB /* OSOrder+intent.m in Sources */,
				CF06CD89216F3EF8009C22CB /* OrderSoupIntentManager.m in Sources */,
				CF06CD85216F3E02009C22CB /* OSOrder.m in Sources */,
				CF06CD86216F3E02009C22CB /* OSSoup.m in Sources */,
				CF06CD61216E017F009C22CB /* Intents.intentdefinition in Sources */,
				CF06CD58216DFB4F009C22CB /* OrderSoupIntentHandler.m in Sources */,
			);
			runOnlyForDeploymentPostprocessing = 0;
		};
		CF06CD32216DAAD8009C22CB /* Sources */ = {
			isa = PBXSourcesBuildPhase;
			buildActionMask = 2147483647;
			files = (
				CF06CD3E216DAAD9009C22CB /* OrderSoupKitTests.m in Sources */,
			);
			runOnlyForDeploymentPostprocessing = 0;
		};
		CF06CD8B217047DE009C22CB /* Sources */ = {
			isa = PBXSourcesBuildPhase;
			buildActionMask = 2147483647;
			files = (
				CF06CDBA21707CDC009C22CB /* Intents.intentdefinition in Sources */,
				CF06CD93217047DF009C22CB /* IntentHandler.m in Sources */,
			);
			runOnlyForDeploymentPostprocessing = 0;
		};
		CF06CD95217047E0009C22CB /* Sources */ = {
			isa = PBXSourcesBuildPhase;
			buildActionMask = 2147483647;
			files = (
				CF06CDBB21707CE6009C22CB /* Intents.intentdefinition in Sources */,
				CF06CDA0217047E0009C22CB /* IntentViewController.m in Sources */,
			);
			runOnlyForDeploymentPostprocessing = 0;
		};
/* End PBXSourcesBuildPhase section */

/* Begin PBXTargetDependency section */
		CF06CD09216CA44E009C22CB /* PBXTargetDependency */ = {
			isa = PBXTargetDependency;
			target = CF06CCEE216CA44B009C22CB /* OrderSoupOC */;
			targetProxy = CF06CD08216CA44E009C22CB /* PBXContainerItemProxy */;
		};
		CF06CD39216DAAD9009C22CB /* PBXTargetDependency */ = {
			isa = PBXTargetDependency;
			target = CF06CD2D216DAAD7009C22CB /* OrderSoupKit */;
			targetProxy = CF06CD38216DAAD9009C22CB /* PBXContainerItemProxy */;
		};
		CF06CD3B216DAAD9009C22CB /* PBXTargetDependency */ = {
			isa = PBXTargetDependency;
			target = CF06CCEE216CA44B009C22CB /* OrderSoupOC */;
			targetProxy = CF06CD3A216DAAD9009C22CB /* PBXContainerItemProxy */;
		};
		CF06CD42216DAAD9009C22CB /* PBXTargetDependency */ = {
			isa = PBXTargetDependency;
			target = CF06CD2D216DAAD7009C22CB /* OrderSoupKit */;
			targetProxy = CF06CD41216DAAD9009C22CB /* PBXContainerItemProxy */;
		};
		CF06CDA6217047E0009C22CB /* PBXTargetDependency */ = {
			isa = PBXTargetDependency;
			target = CF06CD98217047E0009C22CB /* OrderSoupExtensionUI */;
			targetProxy = CF06CDA5217047E0009C22CB /* PBXContainerItemProxy */;
		};
		CF06CDA9217047E0009C22CB /* PBXTargetDependency */ = {
			isa = PBXTargetDependency;
			target = CF06CD8E217047DE009C22CB /* OrderSoupExtension */;
			targetProxy = CF06CDA8217047E0009C22CB /* PBXContainerItemProxy */;
		};
/* End PBXTargetDependency section */

/* Begin PBXVariantGroup section */
		CF06CCF8216CA44C009C22CB /* Main.storyboard */ = {
			isa = PBXVariantGroup;
			children = (
				CF06CCF9216CA44C009C22CB /* Base */,
			);
			name = Main.storyboard;
			sourceTree = "<group>";
		};
		CF06CCFD216CA44E009C22CB /* LaunchScreen.storyboard */ = {
			isa = PBXVariantGroup;
			children = (
				CF06CCFE216CA44E009C22CB /* Base */,
			);
			name = LaunchScreen.storyboard;
			sourceTree = "<group>";
		};
		CF06CDA1217047E0009C22CB /* MainInterface.storyboard */ = {
			isa = PBXVariantGroup;
			children = (
				CF06CDA2217047E0009C22CB /* Base */,
			);
			name = MainInterface.storyboard;
			sourceTree = "<group>";
		};
/* End PBXVariantGroup section */

/* Begin XCBuildConfiguration section */
		CF06CD0E216CA44E009C22CB /* Debug */ = {
			isa = XCBuildConfiguration;
			buildSettings = {
				ALWAYS_SEARCH_USER_PATHS = NO;
				CLANG_ANALYZER_NONNULL = YES;
				CLANG_ANALYZER_NUMBER_OBJECT_CONVERSION = YES_AGGRESSIVE;
				CLANG_CXX_LANGUAGE_STANDARD = "gnu++14";
				CLANG_CXX_LIBRARY = "libc++";
				CLANG_ENABLE_MODULES = YES;
				CLANG_ENABLE_OBJC_ARC = YES;
				CLANG_ENABLE_OBJC_WEAK = YES;
				CLANG_WARN_BLOCK_CAPTURE_AUTORELEASING = YES;
				CLANG_WARN_BOOL_CONVERSION = YES;
				CLANG_WARN_COMMA = YES;
				CLANG_WARN_CONSTANT_CONVERSION = YES;
				CLANG_WARN_DEPRECATED_OBJC_IMPLEMENTATIONS = YES;
				CLANG_WARN_DIRECT_OBJC_ISA_USAGE = YES_ERROR;
				CLANG_WARN_DOCUMENTATION_COMMENTS = YES;
				CLANG_WARN_EMPTY_BODY = YES;
				CLANG_WARN_ENUM_CONVERSION = YES;
				CLANG_WARN_INFINITE_RECURSION = YES;
				CLANG_WARN_INT_CONVERSION = YES;
				CLANG_WARN_NON_LITERAL_NULL_CONVERSION = YES;
				CLANG_WARN_OBJC_IMPLICIT_RETAIN_SELF = YES;
				CLANG_WARN_OBJC_LITERAL_CONVERSION = YES;
				CLANG_WARN_OBJC_ROOT_CLASS = YES_ERROR;
				CLANG_WARN_RANGE_LOOP_ANALYSIS = YES;
				CLANG_WARN_STRICT_PROTOTYPES = YES;
				CLANG_WARN_SUSPICIOUS_MOVE = YES;
				CLANG_WARN_UNGUARDED_AVAILABILITY = YES_AGGRESSIVE;
				CLANG_WARN_UNREACHABLE_CODE = YES;
				CLANG_WARN__DUPLICATE_METHOD_MATCH = YES;
				CODE_SIGN_IDENTITY = "iPhone Developer";
				COPY_PHASE_STRIP = NO;
				DEBUG_INFORMATION_FORMAT = dwarf;
				ENABLE_STRICT_OBJC_MSGSEND = YES;
				ENABLE_TESTABILITY = YES;
				GCC_C_LANGUAGE_STANDARD = gnu11;
				GCC_DYNAMIC_NO_PIC = NO;
				GCC_NO_COMMON_BLOCKS = YES;
				GCC_OPTIMIZATION_LEVEL = 0;
				GCC_PREPROCESSOR_DEFINITIONS = (
					"DEBUG=1",
					"$(inherited)",
				);
				GCC_WARN_64_TO_32_BIT_CONVERSION = YES;
				GCC_WARN_ABOUT_RETURN_TYPE = YES_ERROR;
				GCC_WARN_UNDECLARED_SELECTOR = YES;
				GCC_WARN_UNINITIALIZED_AUTOS = YES_AGGRESSIVE;
				GCC_WARN_UNUSED_FUNCTION = YES;
				GCC_WARN_UNUSED_VARIABLE = YES;
				IPHONEOS_DEPLOYMENT_TARGET = 12.0;
				MTL_ENABLE_DEBUG_INFO = INCLUDE_SOURCE;
				MTL_FAST_MATH = YES;
				ONLY_ACTIVE_ARCH = YES;
				SDKROOT = iphoneos;
			};
			name = Debug;
		};
		CF06CD0F216CA44E009C22CB /* Release */ = {
			isa = XCBuildConfiguration;
			buildSettings = {
				ALWAYS_SEARCH_USER_PATHS = NO;
				CLANG_ANALYZER_NONNULL = YES;
				CLANG_ANALYZER_NUMBER_OBJECT_CONVERSION = YES_AGGRESSIVE;
				CLANG_CXX_LANGUAGE_STANDARD = "gnu++14";
				CLANG_CXX_LIBRARY = "libc++";
				CLANG_ENABLE_MODULES = YES;
				CLANG_ENABLE_OBJC_ARC = YES;
				CLANG_ENABLE_OBJC_WEAK = YES;
				CLANG_WARN_BLOCK_CAPTURE_AUTORELEASING = YES;
				CLANG_WARN_BOOL_CONVERSION = YES;
				CLANG_WARN_COMMA = YES;
				CLANG_WARN_CONSTANT_CONVERSION = YES;
				CLANG_WARN_DEPRECATED_OBJC_IMPLEMENTATIONS = YES;
				CLANG_WARN_DIRECT_OBJC_ISA_USAGE = YES_ERROR;
				CLANG_WARN_DOCUMENTATION_COMMENTS = YES;
				CLANG_WARN_EMPTY_BODY = YES;
				CLANG_WARN_ENUM_CONVERSION = YES;
				CLANG_WARN_INFINITE_RECURSION = YES;
				CLANG_WARN_INT_CONVERSION = YES;
				CLANG_WARN_NON_LITERAL_NULL_CONVERSION = YES;
				CLANG_WARN_OBJC_IMPLICIT_RETAIN_SELF = YES;
				CLANG_WARN_OBJC_LITERAL_CONVERSION = YES;
				CLANG_WARN_OBJC_ROOT_CLASS = YES_ERROR;
				CLANG_WARN_RANGE_LOOP_ANALYSIS = YES;
				CLANG_WARN_STRICT_PROTOTYPES = YES;
				CLANG_WARN_SUSPICIOUS_MOVE = YES;
				CLANG_WARN_UNGUARDED_AVAILABILITY = YES_AGGRESSIVE;
				CLANG_WARN_UNREACHABLE_CODE = YES;
				CLANG_WARN__DUPLICATE_METHOD_MATCH = YES;
				CODE_SIGN_IDENTITY = "iPhone Developer";
				COPY_PHASE_STRIP = NO;
				DEBUG_INFORMATION_FORMAT = "dwarf-with-dsym";
				ENABLE_NS_ASSERTIONS = NO;
				ENABLE_STRICT_OBJC_MSGSEND = YES;
				GCC_C_LANGUAGE_STANDARD = gnu11;
				GCC_NO_COMMON_BLOCKS = YES;
				GCC_WARN_64_TO_32_BIT_CONVERSION = YES;
				GCC_WARN_ABOUT_RETURN_TYPE = YES_ERROR;
				GCC_WARN_UNDECLARED_SELECTOR = YES;
				GCC_WARN_UNINITIALIZED_AUTOS = YES_AGGRESSIVE;
				GCC_WARN_UNUSED_FUNCTION = YES;
				GCC_WARN_UNUSED_VARIABLE = YES;
				IPHONEOS_DEPLOYMENT_TARGET = 12.0;
				MTL_ENABLE_DEBUG_INFO = NO;
				MTL_FAST_MATH = YES;
				SDKROOT = iphoneos;
				VALIDATE_PRODUCT = YES;
			};
			name = Release;
		};
		CF06CD11216CA44E009C22CB /* Debug */ = {
			isa = XCBuildConfiguration;
			buildSettings = {
				ASSETCATALOG_COMPILER_APPICON_NAME = AppIcon;
				CODE_SIGN_ENTITLEMENTS = OrderSoupOC/OrderSoupOC.entitlements;
				CODE_SIGN_IDENTITY = "iPhone Developer";
				CODE_SIGN_STYLE = Manual;
				DEVELOPMENT_TEAM = KYACQ4K486;
				INFOPLIST_FILE = OrderSoupOC/Info.plist;
				LD_RUNPATH_SEARCH_PATHS = (
					"$(inherited)",
					"@executable_path/Frameworks",
				);
				PRODUCT_BUNDLE_IDENTIFIER = com.gome.test;
				PRODUCT_NAME = "$(TARGET_NAME)";
				PROVISIONING_PROFILE_SPECIFIER = deceloperTest;
				TARGETED_DEVICE_FAMILY = "1,2";
			};
			name = Debug;
		};
		CF06CD12216CA44E009C22CB /* Release */ = {
			isa = XCBuildConfiguration;
			buildSettings = {
				ASSETCATALOG_COMPILER_APPICON_NAME = AppIcon;
				CODE_SIGN_ENTITLEMENTS = OrderSoupOC/OrderSoupOC.entitlements;
				CODE_SIGN_IDENTITY = "iPhone Developer";
				CODE_SIGN_STYLE = Manual;
				DEVELOPMENT_TEAM = "";
				INFOPLIST_FILE = OrderSoupOC/Info.plist;
				LD_RUNPATH_SEARCH_PATHS = (
					"$(inherited)",
					"@executable_path/Frameworks",
				);
				PRODUCT_BUNDLE_IDENTIFIER = com.gome.test;
				PRODUCT_NAME = "$(TARGET_NAME)";
				PROVISIONING_PROFILE_SPECIFIER = "";
				TARGETED_DEVICE_FAMILY = "1,2";
			};
			name = Release;
		};
		CF06CD14216CA44E009C22CB /* Debug */ = {
			isa = XCBuildConfiguration;
			buildSettings = {
				BUNDLE_LOADER = "$(TEST_HOST)";
				CODE_SIGN_STYLE = Automatic;
				INFOPLIST_FILE = OrderSoupOCTests/Info.plist;
				LD_RUNPATH_SEARCH_PATHS = (
					"$(inherited)",
					"@executable_path/Frameworks",
					"@loader_path/Frameworks",
				);
				PRODUCT_BUNDLE_IDENTIFIER = dawn.OrderSoupOCTests;
				PRODUCT_NAME = "$(TARGET_NAME)";
				TARGETED_DEVICE_FAMILY = "1,2";
				TEST_HOST = "$(BUILT_PRODUCTS_DIR)/OrderSoupOC.app/OrderSoupOC";
			};
			name = Debug;
		};
		CF06CD15216CA44E009C22CB /* Release */ = {
			isa = XCBuildConfiguration;
			buildSettings = {
				BUNDLE_LOADER = "$(TEST_HOST)";
				CODE_SIGN_STYLE = Automatic;
				INFOPLIST_FILE = OrderSoupOCTests/Info.plist;
				LD_RUNPATH_SEARCH_PATHS = (
					"$(inherited)",
					"@executable_path/Frameworks",
					"@loader_path/Frameworks",
				);
				PRODUCT_BUNDLE_IDENTIFIER = dawn.OrderSoupOCTests;
				PRODUCT_NAME = "$(TARGET_NAME)";
				TARGETED_DEVICE_FAMILY = "1,2";
				TEST_HOST = "$(BUILT_PRODUCTS_DIR)/OrderSoupOC.app/OrderSoupOC";
			};
			name = Release;
		};
		CF06CD46216DAAD9009C22CB /* Debug */ = {
			isa = XCBuildConfiguration;
			buildSettings = {
				APPLICATION_EXTENSION_API_ONLY = YES;
				CODE_SIGN_IDENTITY = "";
				CODE_SIGN_STYLE = Manual;
				CURRENT_PROJECT_VERSION = 1;
				DEFINES_MODULE = YES;
				DEVELOPMENT_TEAM = "";
				DYLIB_COMPATIBILITY_VERSION = 1;
				DYLIB_CURRENT_VERSION = 1;
				DYLIB_INSTALL_NAME_BASE = "@rpath";
				INFOPLIST_FILE = OrderSoupKit/Info.plist;
				INSTALL_PATH = "$(LOCAL_LIBRARY_DIR)/Frameworks";
				LD_RUNPATH_SEARCH_PATHS = (
					"$(inherited)",
					"@executable_path/Frameworks",
					"@loader_path/Frameworks",
				);
				PRODUCT_BUNDLE_IDENTIFIER = dawn.OrderSoupKit;
				PRODUCT_NAME = "$(TARGET_NAME:c99extidentifier)";
				PROVISIONING_PROFILE_SPECIFIER = "";
				SKIP_INSTALL = YES;
				TARGETED_DEVICE_FAMILY = "1,2";
				VERSIONING_SYSTEM = "apple-generic";
				VERSION_INFO_PREFIX = "";
			};
			name = Debug;
		};
		CF06CD47216DAAD9009C22CB /* Release */ = {
			isa = XCBuildConfiguration;
			buildSettings = {
				APPLICATION_EXTENSION_API_ONLY = YES;
				CODE_SIGN_IDENTITY = "";
				CODE_SIGN_STYLE = Manual;
				CURRENT_PROJECT_VERSION = 1;
				DEFINES_MODULE = YES;
				DEVELOPMENT_TEAM = "";
				DYLIB_COMPATIBILITY_VERSION = 1;
				DYLIB_CURRENT_VERSION = 1;
				DYLIB_INSTALL_NAME_BASE = "@rpath";
				INFOPLIST_FILE = OrderSoupKit/Info.plist;
				INSTALL_PATH = "$(LOCAL_LIBRARY_DIR)/Frameworks";
				LD_RUNPATH_SEARCH_PATHS = (
					"$(inherited)",
					"@executable_path/Frameworks",
					"@loader_path/Frameworks",
				);
				PRODUCT_BUNDLE_IDENTIFIER = dawn.OrderSoupKit;
				PRODUCT_NAME = "$(TARGET_NAME:c99extidentifier)";
				PROVISIONING_PROFILE_SPECIFIER = "";
				SKIP_INSTALL = YES;
				TARGETED_DEVICE_FAMILY = "1,2";
				VERSIONING_SYSTEM = "apple-generic";
				VERSION_INFO_PREFIX = "";
			};
			name = Release;
		};
		CF06CD4A216DAAD9009C22CB /* Debug */ = {
			isa = XCBuildConfiguration;
			buildSettings = {
				CODE_SIGN_STYLE = Automatic;
				INFOPLIST_FILE = OrderSoupKitTests/Info.plist;
				LD_RUNPATH_SEARCH_PATHS = (
					"$(inherited)",
					"@executable_path/Frameworks",
					"@loader_path/Frameworks",
				);
				PRODUCT_BUNDLE_IDENTIFIER = dawn.OrderSoupKitTests;
				PRODUCT_NAME = "$(TARGET_NAME)";
				TARGETED_DEVICE_FAMILY = "1,2";
				TEST_HOST = "$(BUILT_PRODUCTS_DIR)/OrderSoupOC.app/OrderSoupOC";
			};
			name = Debug;
		};
		CF06CD4B216DAAD9009C22CB /* Release */ = {
			isa = XCBuildConfiguration;
			buildSettings = {
				CODE_SIGN_STYLE = Automatic;
				INFOPLIST_FILE = OrderSoupKitTests/Info.plist;
				LD_RUNPATH_SEARCH_PATHS = (
					"$(inherited)",
					"@executable_path/Frameworks",
					"@loader_path/Frameworks",
				);
				PRODUCT_BUNDLE_IDENTIFIER = dawn.OrderSoupKitTests;
				PRODUCT_NAME = "$(TARGET_NAME)";
				TARGETED_DEVICE_FAMILY = "1,2";
				TEST_HOST = "$(BUILT_PRODUCTS_DIR)/OrderSoupOC.app/OrderSoupOC";
			};
			name = Release;
		};
		CF06CDAC217047E0009C22CB /* Debug */ = {
			isa = XCBuildConfiguration;
			buildSettings = {
				CODE_SIGN_ENTITLEMENTS = OrderSoupExtensionUI/OrderSoupExtensionUI.entitlements;
				CODE_SIGN_STYLE = Manual;
				DEVELOPMENT_TEAM = KYACQ4K486;
				INFOPLIST_FILE = OrderSoupExtensionUI/Info.plist;
				LD_RUNPATH_SEARCH_PATHS = (
					"$(inherited)",
					"@executable_path/Frameworks",
					"@executable_path/../../Frameworks",
				);
				PRODUCT_BUNDLE_IDENTIFIER = com.gome.test.UIExtension;
				PRODUCT_NAME = "$(TARGET_NAME)";
				PROVISIONING_PROFILE_SPECIFIER = deceloperTestUIExtension;
				SKIP_INSTALL = YES;
				TARGETED_DEVICE_FAMILY = "1,2";
			};
			name = Debug;
		};
		CF06CDAD217047E0009C22CB /* Release */ = {
			isa = XCBuildConfiguration;
			buildSettings = {
				CODE_SIGN_ENTITLEMENTS = OrderSoupExtensionUI/OrderSoupExtensionUI.entitlements;
				CODE_SIGN_STYLE = Manual;
				DEVELOPMENT_TEAM = "";
				INFOPLIST_FILE = OrderSoupExtensionUI/Info.plist;
				LD_RUNPATH_SEARCH_PATHS = (
					"$(inherited)",
					"@executable_path/Frameworks",
					"@executable_path/../../Frameworks",
				);
				PRODUCT_BUNDLE_IDENTIFIER = com.gome.test.UIExtension;
				PRODUCT_NAME = "$(TARGET_NAME)";
				PROVISIONING_PROFILE_SPECIFIER = "";
				SKIP_INSTALL = YES;
				TARGETED_DEVICE_FAMILY = "1,2";
			};
			name = Release;
		};
		CF06CDAF217047E0009C22CB /* Debug */ = {
			isa = XCBuildConfiguration;
			buildSettings = {
				CODE_SIGN_ENTITLEMENTS = OrderSoupExtension/OrderSoupExtension.entitlements;
				CODE_SIGN_IDENTITY = "iPhone Developer";
				CODE_SIGN_STYLE = Manual;
				DEVELOPMENT_TEAM = KYACQ4K486;
				INFOPLIST_FILE = OrderSoupExtension/Info.plist;
				LD_RUNPATH_SEARCH_PATHS = (
					"$(inherited)",
					"@executable_path/Frameworks",
					"@executable_path/../../Frameworks",
				);
				PRODUCT_BUNDLE_IDENTIFIER = com.gome.test.Siri;
				PRODUCT_NAME = "$(TARGET_NAME)";
				PROVISIONING_PROFILE_SPECIFIER = deceloperTestSiri;
				SKIP_INSTALL = YES;
				TARGETED_DEVICE_FAMILY = "1,2";
			};
			name = Debug;
		};
		CF06CDB0217047E0009C22CB /* Release */ = {
			isa = XCBuildConfiguration;
			buildSettings = {
				CODE_SIGN_ENTITLEMENTS = OrderSoupExtension/OrderSoupExtension.entitlements;
				CODE_SIGN_IDENTITY = "iPhone Developer";
				CODE_SIGN_STYLE = Manual;
				DEVELOPMENT_TEAM = "";
				INFOPLIST_FILE = OrderSoupExtension/Info.plist;
				LD_RUNPATH_SEARCH_PATHS = (
					"$(inherited)",
					"@executable_path/Frameworks",
					"@executable_path/../../Frameworks",
				);
				PRODUCT_BUNDLE_IDENTIFIER = com.gome.test.Siri;
				PRODUCT_NAME = "$(TARGET_NAME)";
				PROVISIONING_PROFILE_SPECIFIER = "";
				SKIP_INSTALL = YES;
				TARGETED_DEVICE_FAMILY = "1,2";
			};
			name = Release;
		};
/* End XCBuildConfiguration section */

/* Begin XCConfigurationList section */
		CF06CCEA216CA44B009C22CB /* Build configuration list for PBXProject "OrderSoupOC" */ = {
			isa = XCConfigurationList;
			buildConfigurations = (
				CF06CD0E216CA44E009C22CB /* Debug */,
				CF06CD0F216CA44E009C22CB /* Release */,
			);
			defaultConfigurationIsVisible = 0;
			defaultConfigurationName = Release;
		};
		CF06CD10216CA44E009C22CB /* Build configuration list for PBXNativeTarget "OrderSoupOC" */ = {
			isa = XCConfigurationList;
			buildConfigurations = (
				CF06CD11216CA44E009C22CB /* Debug */,
				CF06CD12216CA44E009C22CB /* Release */,
			);
			defaultConfigurationIsVisible = 0;
			defaultConfigurationName = Release;
		};
		CF06CD13216CA44E009C22CB /* Build configuration list for PBXNativeTarget "OrderSoupOCTests" */ = {
			isa = XCConfigurationList;
			buildConfigurations = (
				CF06CD14216CA44E009C22CB /* Debug */,
				CF06CD15216CA44E009C22CB /* Release */,
			);
			defaultConfigurationIsVisible = 0;
			defaultConfigurationName = Release;
		};
		CF06CD45216DAAD9009C22CB /* Build configuration list for PBXNativeTarget "OrderSoupKit" */ = {
			isa = XCConfigurationList;
			buildConfigurations = (
				CF06CD46216DAAD9009C22CB /* Debug */,
				CF06CD47216DAAD9009C22CB /* Release */,
			);
			defaultConfigurationIsVisible = 0;
			defaultConfigurationName = Release;
		};
		CF06CD49216DAAD9009C22CB /* Build configuration list for PBXNativeTarget "OrderSoupKitTests" */ = {
			isa = XCConfigurationList;
			buildConfigurations = (
				CF06CD4A216DAAD9009C22CB /* Debug */,
				CF06CD4B216DAAD9009C22CB /* Release */,
			);
			defaultConfigurationIsVisible = 0;
			defaultConfigurationName = Release;
		};
		CF06CDAB217047E0009C22CB /* Build configuration list for PBXNativeTarget "OrderSoupExtensionUI" */ = {
			isa = XCConfigurationList;
			buildConfigurations = (
				CF06CDAC217047E0009C22CB /* Debug */,
				CF06CDAD217047E0009C22CB /* Release */,
			);
			defaultConfigurationIsVisible = 0;
			defaultConfigurationName = Release;
		};
		CF06CDAE217047E0009C22CB /* Build configuration list for PBXNativeTarget "OrderSoupExtension" */ = {
			isa = XCConfigurationList;
			buildConfigurations = (
				CF06CDAF217047E0009C22CB /* Debug */,
				CF06CDB0217047E0009C22CB /* Release */,
			);
			defaultConfigurationIsVisible = 0;
			defaultConfigurationName = Release;
		};
/* End XCConfigurationList section */
	};
	rootObject = CF06CCE7216CA44B009C22CB /* Project object */;
}
